
Microsoft Visual Studio Solution File, Format Version 12.00
Project("{2150E333-8FDC-42A3-9474-1A3956D46DE8}") = "test", "test", "{24DA80AD-F094-42B6-9BF2-3010EE0BEB21}"
	ProjectSection(SolutionItems) = preProject
		..\TestList.md = ..\TestList.md
	EndProjectSection
EndProject
Project("{FAE04EC0-301F-11D3-BF4B-00C04F79EFBC}") = "Pricing.Core.Tests", "Pricing.Core.Tests\Pricing.Core.Tests.csproj", "{38D4B539-3687-4D17-A3E7-79D70BCBFF49}"
EndProject
Project("{2150E333-8FDC-42A3-9474-1A3956D46DE8}") = "src", "src", "{DF4DE69A-5F7E-418B-AB38-A4211C84D70E}"
EndProject
Project("{FAE04EC0-301F-11D3-BF4B-00C04F79EFBC}") = "Pricing.Core", "Pricing.Core\Pricing.Core.csproj", "{2BFF2350-554F-4F5D-B716-FE92FB46D27A}"
EndProject
Project("{FAE04EC0-301F-11D3-BF4B-00C04F79EFBC}") = "Pricing.Infrastucture.Test", "Pricing.Infrastucture.Test\Pricing.Infrastucture.Test.csproj", "{B635963D-F03C-4054-97EF-2C14C23DD9CA}"
EndProject
Project("{FAE04EC0-301F-11D3-BF4B-00C04F79EFBC}") = "Pricing.Infrastructure", "Pricing.Infrastructure\Pricing.Infrastructure.csproj", "{71934703-0A18-438B-A3A4-BDA7FD4CC325}"
EndProject
Project("{FAE04EC0-301F-11D3-BF4B-00C04F79EFBC}") = "Pricing.API.Tests", "Pricing.API.Tests\Pricing.API.Tests.csproj", "{FCC08E59-30D7-4C39-B964-122F7B23FF98}"
EndProject
Project("{FAE04EC0-301F-11D3-BF4B-00C04F79EFBC}") = "Pricing.API", "Pricing.API\Pricing.API.csproj", "{2449995C-90CC-4D38-A69E-ACF04C0992EB}"
EndProject
Global
	GlobalSection(SolutionConfigurationPlatforms) = preSolution
		Debug|Any CPU = Debug|Any CPU
		Release|Any CPU = Release|Any CPU
	EndGlobalSection
	GlobalSection(NestedProjects) = preSolution
		{38D4B539-3687-4D17-A3E7-79D70BCBFF49} = {24DA80AD-F094-42B6-9BF2-3010EE0BEB21}
		{2BFF2350-554F-4F5D-B716-FE92FB46D27A} = {DF4DE69A-5F7E-418B-AB38-A4211C84D70E}
		{B635963D-F03C-4054-97EF-2C14C23DD9CA} = {24DA80AD-F094-42B6-9BF2-3010EE0BEB21}
		{71934703-0A18-438B-A3A4-BDA7FD4CC325} = {DF4DE69A-5F7E-418B-AB38-A4211C84D70E}
		{FCC08E59-30D7-4C39-B964-122F7B23FF98} = {24DA80AD-F094-42B6-9BF2-3010EE0BEB21}
		{2449995C-90CC-4D38-A69E-ACF04C0992EB} = {DF4DE69A-5F7E-418B-AB38-A4211C84D70E}
	EndGlobalSection
	GlobalSection(ProjectConfigurationPlatforms) = postSolution
		{38D4B539-3687-4D17-A3E7-79D70BCBFF49}.Debug|Any CPU.ActiveCfg = Debug|Any CPU
		{38D4B539-3687-4D17-A3E7-79D70BCBFF49}.Debug|Any CPU.Build.0 = Debug|Any CPU
		{38D4B539-3687-4D17-A3E7-79D70BCBFF49}.Release|Any CPU.ActiveCfg = Release|Any CPU
		{38D4B539-3687-4D17-A3E7-79D70BCBFF49}.Release|Any CPU.Build.0 = Release|Any CPU
		{2BFF2350-554F-4F5D-B716-FE92FB46D27A}.Debug|Any CPU.ActiveCfg = Debug|Any CPU
		{2BFF2350-554F-4F5D-B716-FE92FB46D27A}.Debug|Any CPU.Build.0 = Debug|Any CPU
		{2BFF2350-554F-4F5D-B716-FE92FB46D27A}.Release|Any CPU.ActiveCfg = Release|Any CPU
		{2BFF2350-554F-4F5D-B716-FE92FB46D27A}.Release|Any CPU.Build.0 = Release|Any CPU
		{B635963D-F03C-4054-97EF-2C14C23DD9CA}.Debug|Any CPU.ActiveCfg = Debug|Any CPU
		{B635963D-F03C-4054-97EF-2C14C23DD9CA}.Debug|Any CPU.Build.0 = Debug|Any CPU
		{B635963D-F03C-4054-97EF-2C14C23DD9CA}.Release|Any CPU.ActiveCfg = Release|Any CPU
		{B635963D-F03C-4054-97EF-2C14C23DD9CA}.Release|Any CPU.Build.0 = Release|Any CPU
		{71934703-0A18-438B-A3A4-BDA7FD4CC325}.Debug|Any CPU.ActiveCfg = Debug|Any CPU
		{71934703-0A18-438B-A3A4-BDA7FD4CC325}.Debug|Any CPU.Build.0 = Debug|Any CPU
		{71934703-0A18-438B-A3A4-BDA7FD4CC325}.Release|Any CPU.ActiveCfg = Release|Any CPU
		{71934703-0A18-438B-A3A4-BDA7FD4CC325}.Release|Any CPU.Build.0 = Release|Any CPU
		{FCC08E59-30D7-4C39-B964-122F7B23FF98}.Debug|Any CPU.ActiveCfg = Debug|Any CPU
		{FCC08E59-30D7-4C39-B964-122F7B23FF98}.Debug|Any CPU.Build.0 = Debug|Any CPU
		{FCC08E59-30D7-4C39-B964-122F7B23FF98}.Release|Any CPU.ActiveCfg = Release|Any CPU
		{FCC08E59-30D7-4C39-B964-122F7B23FF98}.Release|Any CPU.Build.0 = Release|Any CPU
		{2449995C-90CC-4D38-A69E-ACF04C0992EB}.Debug|Any CPU.ActiveCfg = Debug|Any CPU
		{2449995C-90CC-4D38-A69E-ACF04C0992EB}.Debug|Any CPU.Build.0 = Debug|Any CPU
		{2449995C-90CC-4D38-A69E-ACF04C0992EB}.Release|Any CPU.ActiveCfg = Release|Any CPU
		{2449995C-90CC-4D38-A69E-ACF04C0992EB}.Release|Any CPU.Build.0 = Release|Any CPU
	EndGlobalSection
EndGlobal
